
Microsoft Visual Studio Solution File, Format Version 12.00
# Visual Studio Version 17
VisualStudioVersion = 17.14.36408.4
MinimumVisualStudioVersion = 10.0.40219.1
Project("{FAE04EC0-301F-11D3-BF4B-00C04F79EFBC}") = "Tyuiu.Hits.Oop.FinalProject.KorobeinikovaDD", "Tyuiu.Hits.Oop.FinalProject.KorobeinikovaDD\Tyuiu.Hits.Oop.FinalProject.KorobeinikovaDD.csproj", "{608E30BB-224B-4EBD-ADE9-AE829581A04E}"
EndProject
Global
	GlobalSection(SolutionConfigurationPlatforms) = preSolution
		Debug|Any CPU = Debug|Any CPU
		Release|Any CPU = Release|Any CPU
	EndGlobalSection
	GlobalSection(ProjectConfigurationPlatforms) = postSolution
		{608E30BB-224B-4EBD-ADE9-AE829581A04E}.Debug|Any CPU.ActiveCfg = Debug|Any CPU
		{608E30BB-224B-4EBD-ADE9-AE829581A04E}.Debug|Any CPU.Build.0 = Debug|Any CPU
		{608E30BB-224B-4EBD-ADE9-AE829581A04E}.Release|Any CPU.ActiveCfg = Release|Any CPU
		{608E30BB-224B-4EBD-ADE9-AE829581A04E}.Release|Any CPU.Build.0 = Release|Any CPU
	EndGlobalSection
	GlobalSection(SolutionProperties) = preSolution
		HideSolutionNode = FALSE
	EndGlobalSection
	GlobalSection(ExtensibilityGlobals) = postSolution
		SolutionGuid = {ABE07636-0885-4A0C-8CFB-80BFD19293E4}
	EndGlobalSection
EndGlobal
